
Microsoft Visual Studio Solution File, Format Version 12.00
# Visual Studio Version 17
VisualStudioVersion = 17.9.34728.123
MinimumVisualStudioVersion = 10.0.40219.1
Project("{FAE04EC0-301F-11D3-BF4B-00C04F79EFBC}") = "HabitTrackerConsoleApp", "HabitTrackerConsoleApp\HabitTrackerConsoleApp.csproj", "{97E1416C-BA56-422A-A781-B7662DAEBC13}"
EndProject
Global
	GlobalSection(SolutionConfigurationPlatforms) = preSolution
		Debug|Any CPU = Debug|Any CPU
		Release|Any CPU = Release|Any CPU
	EndGlobalSection
	GlobalSection(ProjectConfigurationPlatforms) = postSolution
		{97E1416C-BA56-422A-A781-B7662DAEBC13}.Debug|Any CPU.ActiveCfg = Debug|Any CPU
		{97E1416C-BA56-422A-A781-B7662DAEBC13}.Debug|Any CPU.Build.0 = Debug|Any CPU
		{97E1416C-BA56-422A-A781-B7662DAEBC13}.Release|Any CPU.ActiveCfg = Release|Any CPU
		{97E1416C-BA56-422A-A781-B7662DAEBC13}.Release|Any CPU.Build.0 = Release|Any CPU
	EndGlobalSection
	GlobalSection(SolutionProperties) = preSolution
		HideSolutionNode = FALSE
	EndGlobalSection
	GlobalSection(ExtensibilityGlobals) = postSolution
		SolutionGuid = {DD9F4D64-FD19-47BC-9F6E-B970D59343D7}
	EndGlobalSection
EndGlobal
